// !$*UTF8*$!
{
	archiveVersion = 1;
	classes = {
	};
	objectVersion = 46;
	objects = {

/* Begin PBXBuildFile section */
		CBB5FAEC1B9F9F3D00A040D6 /* main.m in Sources */ = {isa = PBXBuildFile; fileRef = CBB5FAEB1B9F9F3D00A040D6 /* main.m */; };
		CBB5FAEF1B9F9F3D00A040D6 /* AppDelegate.m in Sources */ = {isa = PBXBuildFile; fileRef = CBB5FAEE1B9F9F3D00A040D6 /* AppDelegate.m */; };
		CBB5FAF21B9F9F3D00A040D6 /* ViewController.m in Sources */ = {isa = PBXBuildFile; fileRef = CBB5FAF11B9F9F3D00A040D6 /* ViewController.m */; };
		CBB5FAF51B9F9F3D00A040D6 /* Main.storyboard in Resources */ = {isa = PBXBuildFile; fileRef = CBB5FAF31B9F9F3D00A040D6 /* Main.storyboard */; };
		CBB5FAF71B9F9F3D00A040D6 /* Assets.xcassets in Resources */ = {isa = PBXBuildFile; fileRef = CBB5FAF61B9F9F3D00A040D6 /* Assets.xcassets */; };
		CBC216601B9FF4C6007110D4 /* UIButton+SyntheticResponse.m in Sources */ = {isa = PBXBuildFile; fileRef = CBC2165F1B9FF4C6007110D4 /* UIButton+SyntheticResponse.m */; settings = {ASSET_TAGS = (); }; };
/* End PBXBuildFile section */

/* Begin PBXFileReference section */
		CBB5FAE71B9F9F3D00A040D6 /* SFSafariViewControllerPlayground.app */ = {isa = PBXFileReference; explicitFileType = wrapper.application; includeInIndex = 0; path = SFSafariViewControllerPlayground.app; sourceTree = BUILT_PRODUCTS_DIR; };
		CBB5FAEB1B9F9F3D00A040D6 /* main.m */ = {isa = PBXFileReference; lastKnownFileType = sourcecode.c.objc; path = main.m; sourceTree = "<group>"; };
		CBB5FAED1B9F9F3D00A040D6 /* AppDelegate.h */ = {isa = PBXFileReference; lastKnownFileType = sourcecode.c.h; path = AppDelegate.h; sourceTree = "<group>"; };
		CBB5FAEE1B9F9F3D00A040D6 /* AppDelegate.m */ = {isa = PBXFileReference; lastKnownFileType = sourcecode.c.objc; path = AppDelegate.m; sourceTree = "<group>"; };
		CBB5FAF01B9F9F3D00A040D6 /* ViewController.h */ = {isa = PBXFileReference; lastKnownFileType = sourcecode.c.h; path = ViewController.h; sourceTree = "<group>"; };
		CBB5FAF11B9F9F3D00A040D6 /* ViewController.m */ = {isa = PBXFileReference; lastKnownFileType = sourcecode.c.objc; path = ViewController.m; sourceTree = "<group>"; };
		CBB5FAF41B9F9F3D00A040D6 /* Base */ = {isa = PBXFileReference; lastKnownFileType = file.storyboard; name = Base; path = Base.lproj/Main.storyboard; sourceTree = "<group>"; };
		CBB5FAF61B9F9F3D00A040D6 /* Assets.xcassets */ = {isa = PBXFileReference; lastKnownFileType = folder.assetcatalog; path = Assets.xcassets; sourceTree = "<group>"; };
		CBB5FAFB1B9F9F3D00A040D6 /* Info.plist */ = {isa = PBXFileReference; lastKnownFileType = text.plist.xml; path = Info.plist; sourceTree = "<group>"; };
		CBC2165F1B9FF4C6007110D4 /* UIButton+SyntheticResponse.m */ = {isa = PBXFileReference; fileEncoding = 4; lastKnownFileType = sourcecode.c.objc; path = "UIButton+SyntheticResponse.m"; sourceTree = "<group>"; };
		CBE093681BA0BD6100C96774 /* UIButton+SyntheticResponse.h */ = {isa = PBXFileReference; fileEncoding = 4; lastKnownFileType = sourcecode.c.h; path = "UIButton+SyntheticResponse.h"; sourceTree = "<group>"; };
/* End PBXFileReference section */

/* Begin PBXFrameworksBuildPhase section */
		CBB5FAE41B9F9F3D00A040D6 /* Frameworks */ = {
			isa = PBXFrameworksBuildPhase;
			buildActionMask = 2147483647;
			files = (
			);
			runOnlyForDeploymentPostprocessing = 0;
		};
/* End PBXFrameworksBuildPhase section */

/* Begin PBXGroup section */
		CBB5FADE1B9F9F3D00A040D6 = {
			isa = PBXGroup;
			children = (
				CBB5FAE91B9F9F3D00A040D6 /* SFSafariViewControllerPlayground */,
				CBB5FAE81B9F9F3D00A040D6 /* Products */,
			);
			sourceTree = "<group>";
		};
		CBB5FAE81B9F9F3D00A040D6 /* Products */ = {
			isa = PBXGroup;
			children = (
				CBB5FAE71B9F9F3D00A040D6 /* SFSafariViewControllerPlayground.app */,
			);
			name = Products;
			sourceTree = "<group>";
		};
		CBB5FAE91B9F9F3D00A040D6 /* SFSafariViewControllerPlayground */ = {
			isa = PBXGroup;
			children = (
				CBE093681BA0BD6100C96774 /* UIButton+SyntheticResponse.h */,
				CBC2165F1B9FF4C6007110D4 /* UIButton+SyntheticResponse.m */,
				CBB5FAED1B9F9F3D00A040D6 /* AppDelegate.h */,
				CBB5FAEE1B9F9F3D00A040D6 /* AppDelegate.m */,
				CBB5FAF01B9F9F3D00A040D6 /* ViewController.h */,
				CBB5FAF11B9F9F3D00A040D6 /* ViewController.m */,
				CBB5FAF31B9F9F3D00A040D6 /* Main.storyboard */,
				CBB5FAF61B9F9F3D00A040D6 /* Assets.xcassets */,
				CBB5FAFB1B9F9F3D00A040D6 /* Info.plist */,
				CBB5FAEA1B9F9F3D00A040D6 /* Supporting Files */,
			);
			path = SFSafariViewControllerPlayground;
			sourceTree = "<group>";
		};
		CBB5FAEA1B9F9F3D00A040D6 /* Supporting Files */ = {
			isa = PBXGroup;
			children = (
				CBB5FAEB1B9F9F3D00A040D6 /* main.m */,
			);
			name = "Supporting Files";
			sourceTree = "<group>";
		};
/* End PBXGroup section */

/* Begin PBXNativeTarget section */
		CBB5FAE61B9F9F3D00A040D6 /* SFSafariViewControllerPlayground */ = {
			isa = PBXNativeTarget;
			buildConfigurationList = CBB5FAFE1B9F9F3D00A040D6 /* Build configuration list for PBXNativeTarget "SFSafariViewControllerPlayground" */;
			buildPhases = (
				CBB5FAE31B9F9F3D00A040D6 /* Sources */,
				CBB5FAE41B9F9F3D00A040D6 /* Frameworks */,
				CBB5FAE51B9F9F3D00A040D6 /* Resources */,
			);
			buildRules = (
			);
			dependencies = (
			);
			name = SFSafariViewControllerPlayground;
			productName = SFSafariViewControllerPlayground;
			productReference = CBB5FAE71B9F9F3D00A040D6 /* SFSafariViewControllerPlayground.app */;
			productType = "com.apple.product-type.application";
		};
/* End PBXNativeTarget section */

/* Begin PBXProject section */
		CBB5FADF1B9F9F3D00A040D6 /* Project object */ = {
			isa = PBXProject;
			attributes = {
				LastUpgradeCheck = 0700;
				ORGANIZATIONNAME = Twitter;
				TargetAttributes = {
					CBB5FAE61B9F9F3D00A040D6 = {
						CreatedOnToolsVersion = 7.0;
					};
				};
			};
			buildConfigurationList = CBB5FAE21B9F9F3D00A040D6 /* Build configuration list for PBXProject "SFSafariViewControllerPlayground" */;
			compatibilityVersion = "Xcode 3.2";
			developmentRegion = English;
			hasScannedForEncodings = 0;
			knownRegions = (
				en,
				Base,
			);
			mainGroup = CBB5FADE1B9F9F3D00A040D6;
			productRefGroup = CBB5FAE81B9F9F3D00A040D6 /* Products */;
			projectDirPath = "";
			projectRoot = "";
			targets = (
				CBB5FAE61B9F9F3D00A040D6 /* SFSafariViewControllerPlayground */,
			);
		};
/* End PBXProject section */

/* Begin PBXResourcesBuildPhase section */
		CBB5FAE51B9F9F3D00A040D6 /* Resources */ = {
			isa = PBXResourcesBuildPhase;
			buildActionMask = 2147483647;
			files = (
				CBB5FAF71B9F9F3D00A040D6 /* Assets.xcassets in Resources */,
				CBB5FAF51B9F9F3D00A040D6 /* Main.storyboard in Resources */,
			);
			runOnlyForDeploymentPostprocessing = 0;
		};
/* End PBXResourcesBuildPhase section */

/* Begin PBXSourcesBuildPhase section */
		CBB5FAE31B9F9F3D00A040D6 /* Sources */ = {
			isa = PBXSourcesBuildPhase;
			buildActionMask = 2147483647;
			files = (
				CBC216601B9FF4C6007110D4 /* UIButton+SyntheticResponse.m in Sources */,
				CBB5FAF21B9F9F3D00A040D6 /* ViewController.m in Sources */,
				CBB5FAEF1B9F9F3D00A040D6 /* AppDelegate.m in Sources */,
				CBB5FAEC1B9F9F3D00A040D6 /* main.m in Sources */,
			);
			runOnlyForDeploymentPostprocessing = 0;
		};
/* End PBXSourcesBuildPhase section */

/* Begin PBXVariantGroup section */
		CBB5FAF31B9F9F3D00A040D6 /* Main.storyboard */ = {
			isa = PBXVariantGroup;
			children = (
				CBB5FAF41B9F9F3D00A040D6 /* Base */,
			);
			name = Main.storyboard;
			sourceTree = "<group>";
		};
/* End PBXVariantGroup section */

/* Begin XCBuildConfiguration section */
		CBB5FAFC1B9F9F3D00A040D6 /* Debug */ = {
			isa = XCBuildConfiguration;
			buildSettings = {
				ALWAYS_SEARCH_USER_PATHS = NO;
				CLANG_CXX_LANGUAGE_STANDARD = "gnu++0x";
				CLANG_CXX_LIBRARY = "libc++";
				CLANG_ENABLE_MODULES = YES;
				CLANG_ENABLE_OBJC_ARC = YES;
				CLANG_WARN_BOOL_CONVERSION = YES;
				CLANG_WARN_CONSTANT_CONVERSION = YES;
				CLANG_WARN_DIRECT_OBJC_ISA_USAGE = YES_ERROR;
				CLANG_WARN_EMPTY_BODY = YES;
				CLANG_WARN_ENUM_CONVERSION = YES;
				CLANG_WARN_INT_CONVERSION = YES;
				CLANG_WARN_OBJC_ROOT_CLASS = YES_ERROR;
				CLANG_WARN_UNREACHABLE_CODE = YES;
				CLANG_WARN__DUPLICATE_METHOD_MATCH = YES;
				"CODE_SIGN_IDENTITY[sdk=iphoneos*]" = "iPhone Developer";
				COPY_PHASE_STRIP = NO;
				DEBUG_INFORMATION_FORMAT = dwarf;
				ENABLE_STRICT_OBJC_MSGSEND = YES;
				ENABLE_TESTABILITY = YES;
				GCC_C_LANGUAGE_STANDARD = gnu99;
				GCC_DYNAMIC_NO_PIC = NO;
				GCC_NO_COMMON_BLOCKS = YES;
				GCC_OPTIMIZATION_LEVEL = 0;
				GCC_PREPROCESSOR_DEFINITIONS = (
					"DEBUG=1",
					"$(inherited)",
				);
				GCC_WARN_64_TO_32_BIT_CONVERSION = YES;
				GCC_WARN_ABOUT_RETURN_TYPE = YES_ERROR;
				GCC_WARN_UNDECLARED_SELECTOR = YES;
				GCC_WARN_UNINITIALIZED_AUTOS = YES_AGGRESSIVE;
				GCC_WARN_UNUSED_FUNCTION = YES;
				GCC_WARN_UNUSED_VARIABLE = YES;
				IPHONEOS_DEPLOYMENT_TARGET = 9.0;
				MTL_ENABLE_DEBUG_INFO = YES;
				ONLY_ACTIVE_ARCH = YES;
				SDKROOT = iphoneos;
			};
			name = Debug;
		};
		CBB5FAFD1B9F9F3D00A040D6 /* Release */ = {
			isa = XCBuildConfiguration;
			buildSettings = {
				ALWAYS_SEARCH_USER_PATHS = NO;
				CLANG_CXX_LANGUAGE_STANDARD = "gnu++0x";
				CLANG_CXX_LIBRARY = "libc++";
				CLANG_ENABLE_MODULES = YES;
				CLANG_ENABLE_OBJC_ARC = YES;
				CLANG_WARN_BOOL_CONVERSION = YES;
				CLANG_WARN_CONSTANT_CONVERSION = YES;
				CLANG_WARN_DIRECT_OBJC_ISA_USAGE = YES_ERROR;
				CLANG_WARN_EMPTY_BODY = YES;
				CLANG_WARN_ENUM_CONVERSION = YES;
				CLANG_WARN_INT_CONVERSION = YES;
				CLANG_WARN_OBJC_ROOT_CLASS = YES_ERROR;
				CLANG_WARN_UNREACHABLE_CODE = YES;
				CLANG_WARN__DUPLICATE_METHOD_MATCH = YES;
				"CODE_SIGN_IDENTITY[sdk=iphoneos*]" = "iPhone Developer";
				COPY_PHASE_STRIP = NO;
				DEBUG_INFORMATION_FORMAT = "dwarf-with-dsym";
				ENABLE_NS_ASSERTIONS = NO;
				ENABLE_STRICT_OBJC_MSGSEND = YES;
				GCC_C_LANGUAGE_STANDARD = gnu99;
				GCC_NO_COMMON_BLOCKS = YES;
				GCC_WARN_64_TO_32_BIT_CONVERSION = YES;
				GCC_WARN_ABOUT_RETURN_TYPE = YES_ERROR;
				GCC_WARN_UNDECLARED_SELECTOR = YES;
				GCC_WARN_UNINITIALIZED_AUTOS = YES_AGGRESSIVE;
				GCC_WARN_UNUSED_FUNCTION = YES;
				GCC_WARN_UNUSED_VARIABLE = YES;
				IPHONEOS_DEPLOYMENT_TARGET = 9.0;
				MTL_ENABLE_DEBUG_INFO = NO;
				SDKROOT = iphoneos;
				VALIDATE_PRODUCT = YES;
			};
			name = Release;
		};
		CBB5FAFF1B9F9F3D00A040D6 /* Debug */ = {
			isa = XCBuildConfiguration;
			buildSettings = {
				ASSETCATALOG_COMPILER_APPICON_NAME = AppIcon;
				INFOPLIST_FILE = SFSafariViewControllerPlayground/Info.plist;
				LD_RUNPATH_SEARCH_PATHS = "$(inherited) @executable_path/Frameworks";
				PRODUCT_BUNDLE_IDENTIFIER = com.twitter.SFSafariViewControllerPlayground;
				PRODUCT_NAME = "$(TARGET_NAME)";
			};
			name = Debug;
		};
		CBB5FB001B9F9F3D00A040D6 /* Release */ = {
			isa = XCBuildConfiguration;
			buildSettings = {
				ASSETCATALOG_COMPILER_APPICON_NAME = AppIcon;
				INFOPLIST_FILE = SFSafariViewControllerPlayground/Info.plist;
				LD_RUNPATH_SEARCH_PATHS = "$(inherited) @executable_path/Frameworks";
				PRODUCT_BUNDLE_IDENTIFIER = com.twitter.SFSafariViewControllerPlayground;
				PRODUCT_NAME = "$(TARGET_NAME)";
			};
			name = Release;
		};
/* End XCBuildConfiguration section */

/* Begin XCConfigurationList section */
		CBB5FAE21B9F9F3D00A040D6 /* Build configuration list for PBXProject "SFSafariViewControllerPlayground" */ = {
			isa = XCConfigurationList;
			buildConfigurations = (
				CBB5FAFC1B9F9F3D00A040D6 /* Debug */,
				CBB5FAFD1B9F9F3D00A040D6 /* Release */,
			);
			defaultConfigurationIsVisible = 0;
			defaultConfigurationName = Release;
		};
		CBB5FAFE1B9F9F3D00A040D6 /* Build configuration list for PBXNativeTarget "SFSafariViewControllerPlayground" */ = {
			isa = XCConfigurationList;
			buildConfigurations = (
				CBB5FAFF1B9F9F3D00A040D6 /* Debug */,
				CBB5FB001B9F9F3D00A040D6 /* Release */,
			);
			defaultConfigurationIsVisible = 0;
			defaultConfigurationName = Release;
		};
/* End XCConfigurationList section */
	};
	rootObject = CBB5FADF1B9F9F3D00A040D6 /* Project object */;
}
